<Solution>
  <Folder Name="/Solution Items/">
    <File Path="../.gitattributes" />
    <File Path="../.gitignore" />
    <File Path="../LICENSE" />
    <File Path="../README.md" />
  </Folder>
  <Project Path="Edi.AzureBlobSync.Tests/Edi.AzureBlobSync.Tests.csproj" />
  <Project Path="Edi.AzureBlobSync/Edi.AzureBlobSync.csproj" />
</Solution>
